
Microsoft Visual Studio Solution File, Format Version 12.00
# Visual Studio Version 16
VisualStudioVersion = 16.0.30907.101
MinimumVisualStudioVersion = 10.0.40219.1
Project("{FAE04EC0-301F-11D3-BF4B-00C04F79EFBC}") = "Arrays", "Arrays.csproj", "{1D42FB15-B4F5-4E51-BFED-A31A0AF43293}"
EndProject
Global
	GlobalSection(SolutionConfigurationPlatforms) = preSolution
		Debug|Any CPU = Debug|Any CPU
		Release|Any CPU = Release|Any CPU
	EndGlobalSection
	GlobalSection(ProjectConfigurationPlatforms) = postSolution
		{1D42FB15-B4F5-4E51-BFED-A31A0AF43293}.Debug|Any CPU.ActiveCfg = Debug|Any CPU
		{1D42FB15-B4F5-4E51-BFED-A31A0AF43293}.Debug|Any CPU.Build.0 = Debug|Any CPU
		{1D42FB15-B4F5-4E51-BFED-A31A0AF43293}.Release|Any CPU.ActiveCfg = Release|Any CPU
		{1D42FB15-B4F5-4E51-BFED-A31A0AF43293}.Release|Any CPU.Build.0 = Release|Any CPU
	EndGlobalSection
	GlobalSection(SolutionProperties) = preSolution
		HideSolutionNode = FALSE
	EndGlobalSection
	GlobalSection(ExtensibilityGlobals) = postSolution
		SolutionGuid = {3540DC2D-5FE1-4909-BDF8-9B403551FF97}
	EndGlobalSection
EndGlobal
